
Microsoft Visual Studio Solution File, Format Version 12.00
# Visual Studio Version 17
VisualStudioVersion = 17.9.34714.143
MinimumVisualStudioVersion = 10.0.40219.1
Project("{9A19103F-16F7-4668-BE54-9A1E7A4F7556}") = "SchoolPlanning.API", "SchoolPlanning.API\SchoolPlanning.API.csproj", "{FE5D9E5D-5BBA-4E27-93C6-B3C31530C021}"
EndProject
Project("{9A19103F-16F7-4668-BE54-9A1E7A4F7556}") = "SchoolPlanning.Domain", "SchoolPlanning.Domain\SchoolPlanning.Domain.csproj", "{103B29BA-BF79-4C1B-8514-8220C3E0AFCC}"
EndProject
Project("{9A19103F-16F7-4668-BE54-9A1E7A4F7556}") = "SchoolPlanning.IoC", "SchoolPlanning.IoC\SchoolPlanning.IoC.csproj", "{01964382-2750-4FE5-9309-9D8873439576}"
EndProject
Project("{9A19103F-16F7-4668-BE54-9A1E7A4F7556}") = "SchoolPlanning.Services", "SchoolPlanning.Services\SchoolPlanning.Services.csproj", "{7695CEF6-C2B9-4E9E-B00F-69C05731054E}"
EndProject
Project("{9A19103F-16F7-4668-BE54-9A1E7A4F7556}") = "SchoolPlanning.Infrastructure", "SchoolPlanning.Infrastructure\SchoolPlanning.Infrastructure.csproj", "{81B961FC-0F10-483D-8247-B3777D4C17D2}"
EndProject
Global
	GlobalSection(SolutionConfigurationPlatforms) = preSolution
		Debug|Any CPU = Debug|Any CPU
		Release|Any CPU = Release|Any CPU
	EndGlobalSection
	GlobalSection(ProjectConfigurationPlatforms) = postSolution
		{FE5D9E5D-5BBA-4E27-93C6-B3C31530C021}.Debug|Any CPU.ActiveCfg = Debug|Any CPU
		{FE5D9E5D-5BBA-4E27-93C6-B3C31530C021}.Debug|Any CPU.Build.0 = Debug|Any CPU
		{FE5D9E5D-5BBA-4E27-93C6-B3C31530C021}.Release|Any CPU.ActiveCfg = Release|Any CPU
		{FE5D9E5D-5BBA-4E27-93C6-B3C31530C021}.Release|Any CPU.Build.0 = Release|Any CPU
		{103B29BA-BF79-4C1B-8514-8220C3E0AFCC}.Debug|Any CPU.ActiveCfg = Debug|Any CPU
		{103B29BA-BF79-4C1B-8514-8220C3E0AFCC}.Debug|Any CPU.Build.0 = Debug|Any CPU
		{103B29BA-BF79-4C1B-8514-8220C3E0AFCC}.Release|Any CPU.ActiveCfg = Release|Any CPU
		{103B29BA-BF79-4C1B-8514-8220C3E0AFCC}.Release|Any CPU.Build.0 = Release|Any CPU
		{01964382-2750-4FE5-9309-9D8873439576}.Debug|Any CPU.ActiveCfg = Debug|Any CPU
		{01964382-2750-4FE5-9309-9D8873439576}.Debug|Any CPU.Build.0 = Debug|Any CPU
		{01964382-2750-4FE5-9309-9D8873439576}.Release|Any CPU.ActiveCfg = Release|Any CPU
		{01964382-2750-4FE5-9309-9D8873439576}.Release|Any CPU.Build.0 = Release|Any CPU
		{7695CEF6-C2B9-4E9E-B00F-69C05731054E}.Debug|Any CPU.ActiveCfg = Debug|Any CPU
		{7695CEF6-C2B9-4E9E-B00F-69C05731054E}.Debug|Any CPU.Build.0 = Debug|Any CPU
		{7695CEF6-C2B9-4E9E-B00F-69C05731054E}.Release|Any CPU.ActiveCfg = Release|Any CPU
		{7695CEF6-C2B9-4E9E-B00F-69C05731054E}.Release|Any CPU.Build.0 = Release|Any CPU
		{81B961FC-0F10-483D-8247-B3777D4C17D2}.Debug|Any CPU.ActiveCfg = Debug|Any CPU
		{81B961FC-0F10-483D-8247-B3777D4C17D2}.Debug|Any CPU.Build.0 = Debug|Any CPU
		{81B961FC-0F10-483D-8247-B3777D4C17D2}.Release|Any CPU.ActiveCfg = Release|Any CPU
		{81B961FC-0F10-483D-8247-B3777D4C17D2}.Release|Any CPU.Build.0 = Release|Any CPU
	EndGlobalSection
	GlobalSection(SolutionProperties) = preSolution
		HideSolutionNode = FALSE
	EndGlobalSection
	GlobalSection(ExtensibilityGlobals) = postSolution
		SolutionGuid = {7B863D3A-A944-4F59-A93D-BBE55E2B882C}
	EndGlobalSection
EndGlobal
